
Microsoft Visual Studio Solution File, Format Version 12.00
# Visual Studio Version 17
VisualStudioVersion = 17.3.32811.315
MinimumVisualStudioVersion = 10.0.40219.1
Project("{9A19103F-16F7-4668-BE54-9A1E7A4F7556}") = "EventHandlerHistory", "EventHandlerHistory\EventHandlerHistory.csproj", "{2E71551C-ED1F-4217-8885-DDE6A0FD384A}"
EndProject
Project("{9A19103F-16F7-4668-BE54-9A1E7A4F7556}") = "EventHandlerHistory.Tests", "EventHandlerHistory.Tests\EventHandlerHistory.Tests.csproj", "{8C71CA9C-FE8C-411A-9EEC-929D9C1FE577}"
EndProject
Project("{9A19103F-16F7-4668-BE54-9A1E7A4F7556}") = "KzWpfControl", "KzWpfControl\KzWpfControl.csproj", "{19955A8E-56C8-4D48-A169-E93851574035}"
EndProject
Project("{9A19103F-16F7-4668-BE54-9A1E7A4F7556}") = "sandbox", "sandbox\sandbox.csproj", "{509482C8-4A7A-4CC9-B49C-9E37F95AEA61}"
EndProject
Project("{2150E333-8FDC-42A3-9474-1A3956D46DE8}") = "Solution Items", "Solution Items", "{E9AFBDD4-9D38-4651-89BC-76A12182B1C4}"
	ProjectSection(SolutionItems) = preProject
		.editorconfig = .editorconfig
		Directory.Build.props = Directory.Build.props
	EndProjectSection
EndProject
Project("{2150E333-8FDC-42A3-9474-1A3956D46DE8}") = "Tests", "Tests", "{7C42CF3A-7E91-47E5-8B42-44F5A4F2A9F8}"
EndProject
Global
	GlobalSection(SolutionConfigurationPlatforms) = preSolution
		Debug|Any CPU = Debug|Any CPU
		Release|Any CPU = Release|Any CPU
	EndGlobalSection
	GlobalSection(ProjectConfigurationPlatforms) = postSolution
		{2E71551C-ED1F-4217-8885-DDE6A0FD384A}.Debug|Any CPU.ActiveCfg = Debug|Any CPU
		{2E71551C-ED1F-4217-8885-DDE6A0FD384A}.Debug|Any CPU.Build.0 = Debug|Any CPU
		{2E71551C-ED1F-4217-8885-DDE6A0FD384A}.Release|Any CPU.ActiveCfg = Release|Any CPU
		{2E71551C-ED1F-4217-8885-DDE6A0FD384A}.Release|Any CPU.Build.0 = Release|Any CPU
		{8C71CA9C-FE8C-411A-9EEC-929D9C1FE577}.Debug|Any CPU.ActiveCfg = Debug|Any CPU
		{8C71CA9C-FE8C-411A-9EEC-929D9C1FE577}.Debug|Any CPU.Build.0 = Debug|Any CPU
		{8C71CA9C-FE8C-411A-9EEC-929D9C1FE577}.Release|Any CPU.ActiveCfg = Release|Any CPU
		{8C71CA9C-FE8C-411A-9EEC-929D9C1FE577}.Release|Any CPU.Build.0 = Release|Any CPU
		{19955A8E-56C8-4D48-A169-E93851574035}.Debug|Any CPU.ActiveCfg = Debug|Any CPU
		{19955A8E-56C8-4D48-A169-E93851574035}.Debug|Any CPU.Build.0 = Debug|Any CPU
		{19955A8E-56C8-4D48-A169-E93851574035}.Release|Any CPU.ActiveCfg = Release|Any CPU
		{19955A8E-56C8-4D48-A169-E93851574035}.Release|Any CPU.Build.0 = Release|Any CPU
		{509482C8-4A7A-4CC9-B49C-9E37F95AEA61}.Debug|Any CPU.ActiveCfg = Debug|Any CPU
		{509482C8-4A7A-4CC9-B49C-9E37F95AEA61}.Debug|Any CPU.Build.0 = Debug|Any CPU
		{509482C8-4A7A-4CC9-B49C-9E37F95AEA61}.Release|Any CPU.ActiveCfg = Release|Any CPU
		{509482C8-4A7A-4CC9-B49C-9E37F95AEA61}.Release|Any CPU.Build.0 = Release|Any CPU
	EndGlobalSection
	GlobalSection(SolutionProperties) = preSolution
		HideSolutionNode = FALSE
	EndGlobalSection
	GlobalSection(NestedProjects) = preSolution
		{8C71CA9C-FE8C-411A-9EEC-929D9C1FE577} = {7C42CF3A-7E91-47E5-8B42-44F5A4F2A9F8}
	EndGlobalSection
	GlobalSection(ExtensibilityGlobals) = postSolution
		SolutionGuid = {6C580418-BD95-4FDF-8F34-99DA1805F794}
	EndGlobalSection
EndGlobal
